
Microsoft Visual Studio Solution File, Format Version 12.00
# Visual Studio Version 16
VisualStudioVersion = 16.0.30523.141
MinimumVisualStudioVersion = 10.0.40219.1
Project("{FAE04EC0-301F-11D3-BF4B-00C04F79EFBC}") = "SportoraAPI", "SportoraAPI.csproj", "{FCE94BFA-CF40-4A70-AC13-507C2B69FDA1}"
EndProject
Global
	GlobalSection(SolutionConfigurationPlatforms) = preSolution
		Debug|Any CPU = Debug|Any CPU
		Release|Any CPU = Release|Any CPU
	EndGlobalSection
	GlobalSection(ProjectConfigurationPlatforms) = postSolution
		{FCE94BFA-CF40-4A70-AC13-507C2B69FDA1}.Debug|Any CPU.ActiveCfg = Debug|Any CPU
		{FCE94BFA-CF40-4A70-AC13-507C2B69FDA1}.Debug|Any CPU.Build.0 = Debug|Any CPU
		{FCE94BFA-CF40-4A70-AC13-507C2B69FDA1}.Release|Any CPU.ActiveCfg = Release|Any CPU
		{FCE94BFA-CF40-4A70-AC13-507C2B69FDA1}.Release|Any CPU.Build.0 = Release|Any CPU
	EndGlobalSection
	GlobalSection(SolutionProperties) = preSolution
		HideSolutionNode = FALSE
	EndGlobalSection
	GlobalSection(ExtensibilityGlobals) = postSolution
		SolutionGuid = {EBFED2DC-73E0-4EE6-AF23-0A925A4431F8}
	EndGlobalSection
EndGlobal
